{
  "originHash" : "6bc4757e57a8ffb72ed35ca3bbecfd6b493468ae42a7a5889fb32d1d9512a949",
  "pins" : [
    {
      "identity" : "dotlottie-ios",
      "kind" : "remoteSourceControl",
      "location" : "https://github.com/LottieFiles/dotlottie-ios",
      "state" : {
        "branch" : "main",
        "revision" : "1da0e9511ab3502d46fc3ffaf1dd0a326fa14d76"
      }
    }
  ],
  "version" : 3
}
